// !$*UTF8*$!
{
	archiveVersion = 1;
	classes = {
	};
	objectVersion = 56;
	objects = {

/* Begin PBXBuildFile section */
		1E1A06652197B2C03E5C832A /* Pods_weather_api_weather_apiUITests.framework in Frameworks */ = {isa = PBXBuildFile; fileRef = 4BB18BAF59A96AE7CAFB5F9F /* Pods_weather_api_weather_apiUITests.framework */; };
		2A45CA562E2F5734000689CC /* AppDelegate.swift in Sources */ = {isa = PBXBuildFile; fileRef = 2A45CA552E2F5734000689CC /* AppDelegate.swift */; };
		2A45CA582E2F5734000689CC /* SceneDelegate.swift in Sources */ = {isa = PBXBuildFile; fileRef = 2A45CA572E2F5734000689CC /* SceneDelegate.swift */; };
		2A45CA5A2E2F5734000689CC /* ViewController.swift in Sources */ = {isa = PBXBuildFile; fileRef = 2A45CA592E2F5734000689CC /* ViewController.swift */; };
		2A45CA5D2E2F5734000689CC /* Main.storyboard in Resources */ = {isa = PBXBuildFile; fileRef = 2A45CA5B2E2F5734000689CC /* Main.storyboard */; };
		2A45CA602E2F5734000689CC /* weather_api.xcdatamodeld in Sources */ = {isa = PBXBuildFile; fileRef = 2A45CA5E2E2F5734000689CC /* weather_api.xcdatamodeld */; };
		2A45CA622E2F5738000689CC /* Assets.xcassets in Resources */ = {isa = PBXBuildFile; fileRef = 2A45CA612E2F5738000689CC /* Assets.xcassets */; };
		2A45CA652E2F5738000689CC /* LaunchScreen.storyboard in Resources */ = {isa = PBXBuildFile; fileRef = 2A45CA632E2F5738000689CC /* LaunchScreen.storyboard */; };
		2A45CA702E2F5739000689CC /* weather_apiTests.swift in Sources */ = {isa = PBXBuildFile; fileRef = 2A45CA6F2E2F5739000689CC /* weather_apiTests.swift */; };
		2A45CA7A2E2F5739000689CC /* weather_apiUITests.swift in Sources */ = {isa = PBXBuildFile; fileRef = 2A45CA792E2F5739000689CC /* weather_apiUITests.swift */; };
		2A45CA7C2E2F5739000689CC /* weather_apiUITestsLaunchTests.swift in Sources */ = {isa = PBXBuildFile; fileRef = 2A45CA7B2E2F5739000689CC /* weather_apiUITestsLaunchTests.swift */; };
		2A45CA892E2F5758000689CC /* HomeVC.swift in Sources */ = {isa = PBXBuildFile; fileRef = 2A45CA882E2F5758000689CC /* HomeVC.swift */; };
		2A45CA8B2E2F5882000689CC /* WeatherTVC.swift in Sources */ = {isa = PBXBuildFile; fileRef = 2A45CA8A2E2F5882000689CC /* WeatherTVC.swift */; };
		86A4D3892E2FDDD800B5D70F /* DetailedVC.swift in Sources */ = {isa = PBXBuildFile; fileRef = 86A4D3882E2FDDD800B5D70F /* DetailedVC.swift */; };
		8AAB9C3B588622FC77AD723D /* Pods_weather_apiTests.framework in Frameworks */ = {isa = PBXBuildFile; fileRef = D796E19E4205D8BB0F47F689 /* Pods_weather_apiTests.framework */; };
		FD24E93C9E23FF4B3B2DC735 /* Pods_weather_api.framework in Frameworks */ = {isa = PBXBuildFile; fileRef = 649ABD9E3E14BC0ACAAB1BB3 /* Pods_weather_api.framework */; };
/* End PBXBuildFile section */

/* Begin PBXContainerItemProxy section */
		2A45CA6C2E2F5739000689CC /* PBXContainerItemProxy */ = {
			isa = PBXContainerItemProxy;
			containerPortal = 2A45CA4A2E2F5734000689CC /* Project object */;
			proxyType = 1;
			remoteGlobalIDString = 2A45CA512E2F5734000689CC;
			remoteInfo = "weather-api";
		};
		2A45CA762E2F5739000689CC /* PBXContainerItemProxy */ = {
			isa = PBXContainerItemProxy;
			containerPortal = 2A45CA4A2E2F5734000689CC /* Project object */;
			proxyType = 1;
			remoteGlobalIDString = 2A45CA512E2F5734000689CC;
			remoteInfo = "weather-api";
		};
/* End PBXContainerItemProxy section */

/* Begin PBXFileReference section */
		190A3391B941EAF336663E05 /* Pods-weather-api-weather-apiUITests.debug.xcconfig */ = {isa = PBXFileReference; includeInIndex = 1; lastKnownFileType = text.xcconfig; name = "Pods-weather-api-weather-apiUITests.debug.xcconfig"; path = "Target Support Files/Pods-weather-api-weather-apiUITests/Pods-weather-api-weather-apiUITests.debug.xcconfig"; sourceTree = "<group>"; };
		2A45CA522E2F5734000689CC /* weather-api.app */ = {isa = PBXFileReference; explicitFileType = wrapper.application; includeInIndex = 0; path = "weather-api.app"; sourceTree = BUILT_PRODUCTS_DIR; };
		2A45CA552E2F5734000689CC /* AppDelegate.swift */ = {isa = PBXFileReference; lastKnownFileType = sourcecode.swift; path = AppDelegate.swift; sourceTree = "<group>"; };
		2A45CA572E2F5734000689CC /* SceneDelegate.swift */ = {isa = PBXFileReference; lastKnownFileType = sourcecode.swift; path = SceneDelegate.swift; sourceTree = "<group>"; };
		2A45CA592E2F5734000689CC /* ViewController.swift */ = {isa = PBXFileReference; lastKnownFileType = sourcecode.swift; path = ViewController.swift; sourceTree = "<group>"; };
		2A45CA5C2E2F5734000689CC /* Base */ = {isa = PBXFileReference; lastKnownFileType = file.storyboard; name = Base; path = Base.lproj/Main.storyboard; sourceTree = "<group>"; };
		2A45CA5F2E2F5734000689CC /* weather_api.xcdatamodel */ = {isa = PBXFileReference; lastKnownFileType = wrapper.xcdatamodel; path = weather_api.xcdatamodel; sourceTree = "<group>"; };
		2A45CA612E2F5738000689CC /* Assets.xcassets */ = {isa = PBXFileReference; lastKnownFileType = folder.assetcatalog; path = Assets.xcassets; sourceTree = "<group>"; };
		2A45CA642E2F5738000689CC /* Base */ = {isa = PBXFileReference; lastKnownFileType = file.storyboard; name = Base; path = Base.lproj/LaunchScreen.storyboard; sourceTree = "<group>"; };
		2A45CA662E2F5738000689CC /* Info.plist */ = {isa = PBXFileReference; lastKnownFileType = text.plist.xml; path = Info.plist; sourceTree = "<group>"; };
		2A45CA6B2E2F5739000689CC /* weather-apiTests.xctest */ = {isa = PBXFileReference; explicitFileType = wrapper.cfbundle; includeInIndex = 0; path = "weather-apiTests.xctest"; sourceTree = BUILT_PRODUCTS_DIR; };
		2A45CA6F2E2F5739000689CC /* weather_apiTests.swift */ = {isa = PBXFileReference; lastKnownFileType = sourcecode.swift; path = weather_apiTests.swift; sourceTree = "<group>"; };
		2A45CA752E2F5739000689CC /* weather-apiUITests.xctest */ = {isa = PBXFileReference; explicitFileType = wrapper.cfbundle; includeInIndex = 0; path = "weather-apiUITests.xctest"; sourceTree = BUILT_PRODUCTS_DIR; };
		2A45CA792E2F5739000689CC /* weather_apiUITests.swift */ = {isa = PBXFileReference; lastKnownFileType = sourcecode.swift; path = weather_apiUITests.swift; sourceTree = "<group>"; };
		2A45CA7B2E2F5739000689CC /* weather_apiUITestsLaunchTests.swift */ = {isa = PBXFileReference; lastKnownFileType = sourcecode.swift; path = weather_apiUITestsLaunchTests.swift; sourceTree = "<group>"; };
		2A45CA882E2F5758000689CC /* HomeVC.swift */ = {isa = PBXFileReference; lastKnownFileType = sourcecode.swift; path = HomeVC.swift; sourceTree = "<group>"; };
		2A45CA8A2E2F5882000689CC /* WeatherTVC.swift */ = {isa = PBXFileReference; lastKnownFileType = sourcecode.swift; path = WeatherTVC.swift; sourceTree = "<group>"; };
		2B19A856862A08E8EFB59A71 /* Pods-weather-api.debug.xcconfig */ = {isa = PBXFileReference; includeInIndex = 1; lastKnownFileType = text.xcconfig; name = "Pods-weather-api.debug.xcconfig"; path = "Target Support Files/Pods-weather-api/Pods-weather-api.debug.xcconfig"; sourceTree = "<group>"; };
		4BB18BAF59A96AE7CAFB5F9F /* Pods_weather_api_weather_apiUITests.framework */ = {isa = PBXFileReference; explicitFileType = wrapper.framework; includeInIndex = 0; path = Pods_weather_api_weather_apiUITests.framework; sourceTree = BUILT_PRODUCTS_DIR; };
		649ABD9E3E14BC0ACAAB1BB3 /* Pods_weather_api.framework */ = {isa = PBXFileReference; explicitFileType = wrapper.framework; includeInIndex = 0; path = Pods_weather_api.framework; sourceTree = BUILT_PRODUCTS_DIR; };
		86A4D3882E2FDDD800B5D70F /* DetailedVC.swift */ = {isa = PBXFileReference; lastKnownFileType = sourcecode.swift; path = DetailedVC.swift; sourceTree = "<group>"; };
		D43BDE7E9018C1BD06E74044 /* Pods-weather-apiTests.release.xcconfig */ = {isa = PBXFileReference; includeInIndex = 1; lastKnownFileType = text.xcconfig; name = "Pods-weather-apiTests.release.xcconfig"; path = "Target Support Files/Pods-weather-apiTests/Pods-weather-apiTests.release.xcconfig"; sourceTree = "<group>"; };
		D796E19E4205D8BB0F47F689 /* Pods_weather_apiTests.framework */ = {isa = PBXFileReference; explicitFileType = wrapper.framework; includeInIndex = 0; path = Pods_weather_apiTests.framework; sourceTree = BUILT_PRODUCTS_DIR; };
		E9A0AB442CEE00BB1A0948A8 /* Pods-weather-apiTests.debug.xcconfig */ = {isa = PBXFileReference; includeInIndex = 1; lastKnownFileType = text.xcconfig; name = "Pods-weather-apiTests.debug.xcconfig"; path = "Target Support Files/Pods-weather-apiTests/Pods-weather-apiTests.debug.xcconfig"; sourceTree = "<group>"; };
		ECAE6EFDD18D788EAAFE8AED /* Pods-weather-api-weather-apiUITests.release.xcconfig */ = {isa = PBXFileReference; includeInIndex = 1; lastKnownFileType = text.xcconfig; name = "Pods-weather-api-weather-apiUITests.release.xcconfig"; path = "Target Support Files/Pods-weather-api-weather-apiUITests/Pods-weather-api-weather-apiUITests.release.xcconfig"; sourceTree = "<group>"; };
		F7CD1CE2D3AF9F6EF9CF374A /* Pods-weather-api.release.xcconfig */ = {isa = PBXFileReference; includeInIndex = 1; lastKnownFileType = text.xcconfig; name = "Pods-weather-api.release.xcconfig"; path = "Target Support Files/Pods-weather-api/Pods-weather-api.release.xcconfig"; sourceTree = "<group>"; };
/* End PBXFileReference section */

/* Begin PBXFrameworksBuildPhase section */
		2A45CA4F2E2F5734000689CC /* Frameworks */ = {
			isa = PBXFrameworksBuildPhase;
			buildActionMask = 2147483647;
			files = (
				FD24E93C9E23FF4B3B2DC735 /* Pods_weather_api.framework in Frameworks */,
			);
			runOnlyForDeploymentPostprocessing = 0;
		};
		2A45CA682E2F5739000689CC /* Frameworks */ = {
			isa = PBXFrameworksBuildPhase;
			buildActionMask = 2147483647;
			files = (
				8AAB9C3B588622FC77AD723D /* Pods_weather_apiTests.framework in Frameworks */,
			);
			runOnlyForDeploymentPostprocessing = 0;
		};
		2A45CA722E2F5739000689CC /* Frameworks */ = {
			isa = PBXFrameworksBuildPhase;
			buildActionMask = 2147483647;
			files = (
				1E1A06652197B2C03E5C832A /* Pods_weather_api_weather_apiUITests.framework in Frameworks */,
			);
			runOnlyForDeploymentPostprocessing = 0;
		};
/* End PBXFrameworksBuildPhase section */

/* Begin PBXGroup section */
		2A45CA492E2F5734000689CC = {
			isa = PBXGroup;
			children = (
				2A45CA542E2F5734000689CC /* weather-api */,
				2A45CA6E2E2F5739000689CC /* weather-apiTests */,
				2A45CA782E2F5739000689CC /* weather-apiUITests */,
				2A45CA532E2F5734000689CC /* Products */,
				649045F1D401D4F22F93F7F5 /* Pods */,
				820375058BFF346B5777D5BB /* Frameworks */,
			);
			sourceTree = "<group>";
		};
		2A45CA532E2F5734000689CC /* Products */ = {
			isa = PBXGroup;
			children = (
				2A45CA522E2F5734000689CC /* weather-api.app */,
				2A45CA6B2E2F5739000689CC /* weather-apiTests.xctest */,
				2A45CA752E2F5739000689CC /* weather-apiUITests.xctest */,
			);
			name = Products;
			sourceTree = "<group>";
		};
		2A45CA542E2F5734000689CC /* weather-api */ = {
			isa = PBXGroup;
			children = (
				2A45CA552E2F5734000689CC /* AppDelegate.swift */,
				2A45CA572E2F5734000689CC /* SceneDelegate.swift */,
				2A45CA592E2F5734000689CC /* ViewController.swift */,
				2A45CA5B2E2F5734000689CC /* Main.storyboard */,
				86A4D3882E2FDDD800B5D70F /* DetailedVC.swift */,
				2A45CA8A2E2F5882000689CC /* WeatherTVC.swift */,
				2A45CA882E2F5758000689CC /* HomeVC.swift */,
				2A45CA612E2F5738000689CC /* Assets.xcassets */,
				2A45CA632E2F5738000689CC /* LaunchScreen.storyboard */,
				2A45CA662E2F5738000689CC /* Info.plist */,
				2A45CA5E2E2F5734000689CC /* weather_api.xcdatamodeld */,
			);
			path = "weather-api";
			sourceTree = "<group>";
		};
		2A45CA6E2E2F5739000689CC /* weather-apiTests */ = {
			isa = PBXGroup;
			children = (
				2A45CA6F2E2F5739000689CC /* weather_apiTests.swift */,
			);
			path = "weather-apiTests";
			sourceTree = "<group>";
		};
		2A45CA782E2F5739000689CC /* weather-apiUITests */ = {
			isa = PBXGroup;
			children = (
				2A45CA792E2F5739000689CC /* weather_apiUITests.swift */,
				2A45CA7B2E2F5739000689CC /* weather_apiUITestsLaunchTests.swift */,
			);
			path = "weather-apiUITests";
			sourceTree = "<group>";
		};
		649045F1D401D4F22F93F7F5 /* Pods */ = {
			isa = PBXGroup;
			children = (
				2B19A856862A08E8EFB59A71 /* Pods-weather-api.debug.xcconfig */,
				F7CD1CE2D3AF9F6EF9CF374A /* Pods-weather-api.release.xcconfig */,
				190A3391B941EAF336663E05 /* Pods-weather-api-weather-apiUITests.debug.xcconfig */,
				ECAE6EFDD18D788EAAFE8AED /* Pods-weather-api-weather-apiUITests.release.xcconfig */,
				E9A0AB442CEE00BB1A0948A8 /* Pods-weather-apiTests.debug.xcconfig */,
				D43BDE7E9018C1BD06E74044 /* Pods-weather-apiTests.release.xcconfig */,
			);
			name = Pods;
			path = Pods;
			sourceTree = "<group>";
		};
		820375058BFF346B5777D5BB /* Frameworks */ = {
			isa = PBXGroup;
			children = (
				649ABD9E3E14BC0ACAAB1BB3 /* Pods_weather_api.framework */,
				4BB18BAF59A96AE7CAFB5F9F /* Pods_weather_api_weather_apiUITests.framework */,
				D796E19E4205D8BB0F47F689 /* Pods_weather_apiTests.framework */,
			);
			name = Frameworks;
			sourceTree = "<group>";
		};
/* End PBXGroup section */

/* Begin PBXNativeTarget section */
		2A45CA512E2F5734000689CC /* weather-api */ = {
			isa = PBXNativeTarget;
			buildConfigurationList = 2A45CA7F2E2F5739000689CC /* Build configuration list for PBXNativeTarget "weather-api" */;
			buildPhases = (
				80BABB0D76D581BBBDBD8D8E /* [CP] Check Pods Manifest.lock */,
				2A45CA4E2E2F5734000689CC /* Sources */,
				2A45CA4F2E2F5734000689CC /* Frameworks */,
				2A45CA502E2F5734000689CC /* Resources */,
				0A5B0563B56F2EE68FF59C29 /* [CP] Embed Pods Frameworks */,
			);
			buildRules = (
			);
			dependencies = (
			);
			name = "weather-api";
			productName = "weather-api";
			productReference = 2A45CA522E2F5734000689CC /* weather-api.app */;
			productType = "com.apple.product-type.application";
		};
		2A45CA6A2E2F5739000689CC /* weather-apiTests */ = {
			isa = PBXNativeTarget;
			buildConfigurationList = 2A45CA822E2F5739000689CC /* Build configuration list for PBXNativeTarget "weather-apiTests" */;
			buildPhases = (
				426DC487E4B9C899D91C39CD /* [CP] Check Pods Manifest.lock */,
				2A45CA672E2F5739000689CC /* Sources */,
				2A45CA682E2F5739000689CC /* Frameworks */,
				2A45CA692E2F5739000689CC /* Resources */,
			);
			buildRules = (
			);
			dependencies = (
				2A45CA6D2E2F5739000689CC /* PBXTargetDependency */,
			);
			name = "weather-apiTests";
			productName = "weather-apiTests";
			productReference = 2A45CA6B2E2F5739000689CC /* weather-apiTests.xctest */;
			productType = "com.apple.product-type.bundle.unit-test";
		};
		2A45CA742E2F5739000689CC /* weather-apiUITests */ = {
			isa = PBXNativeTarget;
			buildConfigurationList = 2A45CA852E2F5739000689CC /* Build configuration list for PBXNativeTarget "weather-apiUITests" */;
			buildPhases = (
				43960DC5505472DDE7FAB210 /* [CP] Check Pods Manifest.lock */,
				2A45CA712E2F5739000689CC /* Sources */,
				2A45CA722E2F5739000689CC /* Frameworks */,
				2A45CA732E2F5739000689CC /* Resources */,
				391E3209BF627DE2D55DDBA6 /* [CP] Embed Pods Frameworks */,
			);
			buildRules = (
			);
			dependencies = (
				2A45CA772E2F5739000689CC /* PBXTargetDependency */,
			);
			name = "weather-apiUITests";
			productName = "weather-apiUITests";
			productReference = 2A45CA752E2F5739000689CC /* weather-apiUITests.xctest */;
			productType = "com.apple.product-type.bundle.ui-testing";
		};
/* End PBXNativeTarget section */

/* Begin PBXProject section */
		2A45CA4A2E2F5734000689CC /* Project object */ = {
			isa = PBXProject;
			attributes = {
				BuildIndependentTargetsInParallel = 1;
				LastSwiftUpdateCheck = 1420;
				LastUpgradeCheck = 1420;
				TargetAttributes = {
					2A45CA512E2F5734000689CC = {
						CreatedOnToolsVersion = 14.2;
					};
					2A45CA6A2E2F5739000689CC = {
						CreatedOnToolsVersion = 14.2;
						TestTargetID = 2A45CA512E2F5734000689CC;
					};
					2A45CA742E2F5739000689CC = {
						CreatedOnToolsVersion = 14.2;
						TestTargetID = 2A45CA512E2F5734000689CC;
					};
				};
			};
			buildConfigurationList = 2A45CA4D2E2F5734000689CC /* Build configuration list for PBXProject "weather-api" */;
			compatibilityVersion = "Xcode 14.0";
			developmentRegion = en;
			hasScannedForEncodings = 0;
			knownRegions = (
				en,
				Base,
			);
			mainGroup = 2A45CA492E2F5734000689CC;
			productRefGroup = 2A45CA532E2F5734000689CC /* Products */;
			projectDirPath = "";
			projectRoot = "";
			targets = (
				2A45CA512E2F5734000689CC /* weather-api */,
				2A45CA6A2E2F5739000689CC /* weather-apiTests */,
				2A45CA742E2F5739000689CC /* weather-apiUITests */,
			);
		};
/* End PBXProject section */

/* Begin PBXResourcesBuildPhase section */
		2A45CA502E2F5734000689CC /* Resources */ = {
			isa = PBXResourcesBuildPhase;
			buildActionMask = 2147483647;
			files = (
				2A45CA652E2F5738000689CC /* LaunchScreen.storyboard in Resources */,
				2A45CA622E2F5738000689CC /* Assets.xcassets in Resources */,
				2A45CA5D2E2F5734000689CC /* Main.storyboard in Resources */,
			);
			runOnlyForDeploymentPostprocessing = 0;
		};
		2A45CA692E2F5739000689CC /* Resources */ = {
			isa = PBXResourcesBuildPhase;
			buildActionMask = 2147483647;
			files = (
			);
			runOnlyForDeploymentPostprocessing = 0;
		};
		2A45CA732E2F5739000689CC /* Resources */ = {
			isa = PBXResourcesBuildPhase;
			buildActionMask = 2147483647;
			files = (
			);
			runOnlyForDeploymentPostprocessing = 0;
		};
/* End PBXResourcesBuildPhase section */

/* Begin PBXShellScriptBuildPhase section */
		0A5B0563B56F2EE68FF59C29 /* [CP] Embed Pods Frameworks */ = {
			isa = PBXShellScriptBuildPhase;
			buildActionMask = 2147483647;
			files = (
			);
			inputFileListPaths = (
				"${PODS_ROOT}/Target Support Files/Pods-weather-api/Pods-weather-api-frameworks-${CONFIGURATION}-input-files.xcfilelist",
			);
			name = "[CP] Embed Pods Frameworks";
			outputFileListPaths = (
				"${PODS_ROOT}/Target Support Files/Pods-weather-api/Pods-weather-api-frameworks-${CONFIGURATION}-output-files.xcfilelist",
			);
			runOnlyForDeploymentPostprocessing = 0;
			shellPath = /bin/sh;
			shellScript = "\"${PODS_ROOT}/Target Support Files/Pods-weather-api/Pods-weather-api-frameworks.sh\"\n";
			showEnvVarsInLog = 0;
		};
		391E3209BF627DE2D55DDBA6 /* [CP] Embed Pods Frameworks */ = {
			isa = PBXShellScriptBuildPhase;
			buildActionMask = 2147483647;
			files = (
			);
			inputFileListPaths = (
				"${PODS_ROOT}/Target Support Files/Pods-weather-api-weather-apiUITests/Pods-weather-api-weather-apiUITests-frameworks-${CONFIGURATION}-input-files.xcfilelist",
			);
			name = "[CP] Embed Pods Frameworks";
			outputFileListPaths = (
				"${PODS_ROOT}/Target Support Files/Pods-weather-api-weather-apiUITests/Pods-weather-api-weather-apiUITests-frameworks-${CONFIGURATION}-output-files.xcfilelist",
			);
			runOnlyForDeploymentPostprocessing = 0;
			shellPath = /bin/sh;
			shellScript = "\"${PODS_ROOT}/Target Support Files/Pods-weather-api-weather-apiUITests/Pods-weather-api-weather-apiUITests-frameworks.sh\"\n";
			showEnvVarsInLog = 0;
		};
		426DC487E4B9C899D91C39CD /* [CP] Check Pods Manifest.lock */ = {
			isa = PBXShellScriptBuildPhase;
			buildActionMask = 2147483647;
			files = (
			);
			inputFileListPaths = (
			);
			inputPaths = (
				"${PODS_PODFILE_DIR_PATH}/Podfile.lock",
				"${PODS_ROOT}/Manifest.lock",
			);
			name = "[CP] Check Pods Manifest.lock";
			outputFileListPaths = (
			);
			outputPaths = (
				"$(DERIVED_FILE_DIR)/Pods-weather-apiTests-checkManifestLockResult.txt",
			);
			runOnlyForDeploymentPostprocessing = 0;
			shellPath = /bin/sh;
			shellScript = "diff \"${PODS_PODFILE_DIR_PATH}/Podfile.lock\" \"${PODS_ROOT}/Manifest.lock\" > /dev/null\nif [ $? != 0 ] ; then\n    # print error to STDERR\n    echo \"error: The sandbox is not in sync with the Podfile.lock. Run 'pod install' or update your CocoaPods installation.\" >&2\n    exit 1\nfi\n# This output is used by Xcode 'outputs' to avoid re-running this script phase.\necho \"SUCCESS\" > \"${SCRIPT_OUTPUT_FILE_0}\"\n";
			showEnvVarsInLog = 0;
		};
		43960DC5505472DDE7FAB210 /* [CP] Check Pods Manifest.lock */ = {
			isa = PBXShellScriptBuildPhase;
			buildActionMask = 2147483647;
			files = (
			);
			inputFileListPaths = (
			);
			inputPaths = (
				"${PODS_PODFILE_DIR_PATH}/Podfile.lock",
				"${PODS_ROOT}/Manifest.lock",
			);
			name = "[CP] Check Pods Manifest.lock";
			outputFileListPaths = (
			);
			outputPaths = (
				"$(DERIVED_FILE_DIR)/Pods-weather-api-weather-apiUITests-checkManifestLockResult.txt",
			);
			runOnlyForDeploymentPostprocessing = 0;
			shellPath = /bin/sh;
			shellScript = "diff \"${PODS_PODFILE_DIR_PATH}/Podfile.lock\" \"${PODS_ROOT}/Manifest.lock\" > /dev/null\nif [ $? != 0 ] ; then\n    # print error to STDERR\n    echo \"error: The sandbox is not in sync with the Podfile.lock. Run 'pod install' or update your CocoaPods installation.\" >&2\n    exit 1\nfi\n# This output is used by Xcode 'outputs' to avoid re-running this script phase.\necho \"SUCCESS\" > \"${SCRIPT_OUTPUT_FILE_0}\"\n";
			showEnvVarsInLog = 0;
		};
		80BABB0D76D581BBBDBD8D8E /* [CP] Check Pods Manifest.lock */ = {
			isa = PBXShellScriptBuildPhase;
			buildActionMask = 2147483647;
			files = (
			);
			inputFileListPaths = (
			);
			inputPaths = (
				"${PODS_PODFILE_DIR_PATH}/Podfile.lock",
				"${PODS_ROOT}/Manifest.lock",
			);
			name = "[CP] Check Pods Manifest.lock";
			outputFileListPaths = (
			);
			outputPaths = (
				"$(DERIVED_FILE_DIR)/Pods-weather-api-checkManifestLockResult.txt",
			);
			runOnlyForDeploymentPostprocessing = 0;
			shellPath = /bin/sh;
			shellScript = "diff \"${PODS_PODFILE_DIR_PATH}/Podfile.lock\" \"${PODS_ROOT}/Manifest.lock\" > /dev/null\nif [ $? != 0 ] ; then\n    # print error to STDERR\n    echo \"error: The sandbox is not in sync with the Podfile.lock. Run 'pod install' or update your CocoaPods installation.\" >&2\n    exit 1\nfi\n# This output is used by Xcode 'outputs' to avoid re-running this script phase.\necho \"SUCCESS\" > \"${SCRIPT_OUTPUT_FILE_0}\"\n";
			showEnvVarsInLog = 0;
		};
/* End PBXShellScriptBuildPhase section */

/* Begin PBXSourcesBuildPhase section */
		2A45CA4E2E2F5734000689CC /* Sources */ = {
			isa = PBXSourcesBuildPhase;
			buildActionMask = 2147483647;
			files = (
				2A45CA5A2E2F5734000689CC /* ViewController.swift in Sources */,
				86A4D3892E2FDDD800B5D70F /* DetailedVC.swift in Sources */,
				2A45CA892E2F5758000689CC /* HomeVC.swift in Sources */,
				2A45CA602E2F5734000689CC /* weather_api.xcdatamodeld in Sources */,
				2A45CA562E2F5734000689CC /* AppDelegate.swift in Sources */,
				2A45CA8B2E2F5882000689CC /* WeatherTVC.swift in Sources */,
				2A45CA582E2F5734000689CC /* SceneDelegate.swift in Sources */,
			);
			runOnlyForDeploymentPostprocessing = 0;
		};
		2A45CA672E2F5739000689CC /* Sources */ = {
			isa = PBXSourcesBuildPhase;
			buildActionMask = 2147483647;
			files = (
				2A45CA702E2F5739000689CC /* weather_apiTests.swift in Sources */,
			);
			runOnlyForDeploymentPostprocessing = 0;
		};
		2A45CA712E2F5739000689CC /* Sources */ = {
			isa = PBXSourcesBuildPhase;
			buildActionMask = 2147483647;
			files = (
				2A45CA7C2E2F5739000689CC /* weather_apiUITestsLaunchTests.swift in Sources */,
				2A45CA7A2E2F5739000689CC /* weather_apiUITests.swift in Sources */,
			);
			runOnlyForDeploymentPostprocessing = 0;
		};
/* End PBXSourcesBuildPhase section */

/* Begin PBXTargetDependency section */
		2A45CA6D2E2F5739000689CC /* PBXTargetDependency */ = {
			isa = PBXTargetDependency;
			target = 2A45CA512E2F5734000689CC /* weather-api */;
			targetProxy = 2A45CA6C2E2F5739000689CC /* PBXContainerItemProxy */;
		};
		2A45CA772E2F5739000689CC /* PBXTargetDependency */ = {
			isa = PBXTargetDependency;
			target = 2A45CA512E2F5734000689CC /* weather-api */;
			targetProxy = 2A45CA762E2F5739000689CC /* PBXContainerItemProxy */;
		};
/* End PBXTargetDependency section */

/* Begin PBXVariantGroup section */
		2A45CA5B2E2F5734000689CC /* Main.storyboard */ = {
			isa = PBXVariantGroup;
			children = (
				2A45CA5C2E2F5734000689CC /* Base */,
			);
			name = Main.storyboard;
			sourceTree = "<group>";
		};
		2A45CA632E2F5738000689CC /* LaunchScreen.storyboard */ = {
			isa = PBXVariantGroup;
			children = (
				2A45CA642E2F5738000689CC /* Base */,
			);
			name = LaunchScreen.storyboard;
			sourceTree = "<group>";
		};
/* End PBXVariantGroup section */

/* Begin XCBuildConfiguration section */
		2A45CA7D2E2F5739000689CC /* Debug */ = {
			isa = XCBuildConfiguration;
			buildSettings = {
				ALWAYS_SEARCH_USER_PATHS = NO;
				CLANG_ANALYZER_NONNULL = YES;
				CLANG_ANALYZER_NUMBER_OBJECT_CONVERSION = YES_AGGRESSIVE;
				CLANG_CXX_LANGUAGE_STANDARD = "gnu++20";
				CLANG_ENABLE_MODULES = YES;
				CLANG_ENABLE_OBJC_ARC = YES;
				CLANG_ENABLE_OBJC_WEAK = YES;
				CLANG_WARN_BLOCK_CAPTURE_AUTORELEASING = YES;
				CLANG_WARN_BOOL_CONVERSION = YES;
				CLANG_WARN_COMMA = YES;
				CLANG_WARN_CONSTANT_CONVERSION = YES;
				CLANG_WARN_DEPRECATED_OBJC_IMPLEMENTATIONS = YES;
				CLANG_WARN_DIRECT_OBJC_ISA_USAGE = YES_ERROR;
				CLANG_WARN_DOCUMENTATION_COMMENTS = YES;
				CLANG_WARN_EMPTY_BODY = YES;
				CLANG_WARN_ENUM_CONVERSION = YES;
				CLANG_WARN_INFINITE_RECURSION = YES;
				CLANG_WARN_INT_CONVERSION = YES;
				CLANG_WARN_NON_LITERAL_NULL_CONVERSION = YES;
				CLANG_WARN_OBJC_IMPLICIT_RETAIN_SELF = YES;
				CLANG_WARN_OBJC_LITERAL_CONVERSION = YES;
				CLANG_WARN_OBJC_ROOT_CLASS = YES_ERROR;
				CLANG_WARN_QUOTED_INCLUDE_IN_FRAMEWORK_HEADER = YES;
				CLANG_WARN_RANGE_LOOP_ANALYSIS = YES;
				CLANG_WARN_STRICT_PROTOTYPES = YES;
				CLANG_WARN_SUSPICIOUS_MOVE = YES;
				CLANG_WARN_UNGUARDED_AVAILABILITY = YES_AGGRESSIVE;
				CLANG_WARN_UNREACHABLE_CODE = YES;
				CLANG_WARN__DUPLICATE_METHOD_MATCH = YES;
				COPY_PHASE_STRIP = NO;
				DEBUG_INFORMATION_FORMAT = dwarf;
				ENABLE_STRICT_OBJC_MSGSEND = YES;
				ENABLE_TESTABILITY = YES;
				GCC_C_LANGUAGE_STANDARD = gnu11;
				GCC_DYNAMIC_NO_PIC = NO;
				GCC_NO_COMMON_BLOCKS = YES;
				GCC_OPTIMIZATION_LEVEL = 0;
				GCC_PREPROCESSOR_DEFINITIONS = (
					"DEBUG=1",
					"$(inherited)",
				);
				GCC_WARN_64_TO_32_BIT_CONVERSION = YES;
				GCC_WARN_ABOUT_RETURN_TYPE = YES_ERROR;
				GCC_WARN_UNDECLARED_SELECTOR = YES;
				GCC_WARN_UNINITIALIZED_AUTOS = YES_AGGRESSIVE;
				GCC_WARN_UNUSED_FUNCTION = YES;
				GCC_WARN_UNUSED_VARIABLE = YES;
				IPHONEOS_DEPLOYMENT_TARGET = 16.2;
				MTL_ENABLE_DEBUG_INFO = INCLUDE_SOURCE;
				MTL_FAST_MATH = YES;
				ONLY_ACTIVE_ARCH = YES;
				SDKROOT = iphoneos;
				SWIFT_ACTIVE_COMPILATION_CONDITIONS = DEBUG;
				SWIFT_OPTIMIZATION_LEVEL = "-Onone";
			};
			name = Debug;
		};
		2A45CA7E2E2F5739000689CC /* Release */ = {
			isa = XCBuildConfiguration;
			buildSettings = {
				ALWAYS_SEARCH_USER_PATHS = NO;
				CLANG_ANALYZER_NONNULL = YES;
				CLANG_ANALYZER_NUMBER_OBJECT_CONVERSION = YES_AGGRESSIVE;
				CLANG_CXX_LANGUAGE_STANDARD = "gnu++20";
				CLANG_ENABLE_MODULES = YES;
				CLANG_ENABLE_OBJC_ARC = YES;
				CLANG_ENABLE_OBJC_WEAK = YES;
				CLANG_WARN_BLOCK_CAPTURE_AUTORELEASING = YES;
				CLANG_WARN_BOOL_CONVERSION = YES;
				CLANG_WARN_COMMA = YES;
				CLANG_WARN_CONSTANT_CONVERSION = YES;
				CLANG_WARN_DEPRECATED_OBJC_IMPLEMENTATIONS = YES;
				CLANG_WARN_DIRECT_OBJC_ISA_USAGE = YES_ERROR;
				CLANG_WARN_DOCUMENTATION_COMMENTS = YES;
				CLANG_WARN_EMPTY_BODY = YES;
				CLANG_WARN_ENUM_CONVERSION = YES;
				CLANG_WARN_INFINITE_RECURSION = YES;
				CLANG_WARN_INT_CONVERSION = YES;
				CLANG_WARN_NON_LITERAL_NULL_CONVERSION = YES;
				CLANG_WARN_OBJC_IMPLICIT_RETAIN_SELF = YES;
				CLANG_WARN_OBJC_LITERAL_CONVERSION = YES;
				CLANG_WARN_OBJC_ROOT_CLASS = YES_ERROR;
				CLANG_WARN_QUOTED_INCLUDE_IN_FRAMEWORK_HEADER = YES;
				CLANG_WARN_RANGE_LOOP_ANALYSIS = YES;
				CLANG_WARN_STRICT_PROTOTYPES = YES;
				CLANG_WARN_SUSPICIOUS_MOVE = YES;
				CLANG_WARN_UNGUARDED_AVAILABILITY = YES_AGGRESSIVE;
				CLANG_WARN_UNREACHABLE_CODE = YES;
				CLANG_WARN__DUPLICATE_METHOD_MATCH = YES;
				COPY_PHASE_STRIP = NO;
				DEBUG_INFORMATION_FORMAT = "dwarf-with-dsym";
				ENABLE_NS_ASSERTIONS = NO;
				ENABLE_STRICT_OBJC_MSGSEND = YES;
				GCC_C_LANGUAGE_STANDARD = gnu11;
				GCC_NO_COMMON_BLOCKS = YES;
				GCC_WARN_64_TO_32_BIT_CONVERSION = YES;
				GCC_WARN_ABOUT_RETURN_TYPE = YES_ERROR;
				GCC_WARN_UNDECLARED_SELECTOR = YES;
				GCC_WARN_UNINITIALIZED_AUTOS = YES_AGGRESSIVE;
				GCC_WARN_UNUSED_FUNCTION = YES;
				GCC_WARN_UNUSED_VARIABLE = YES;
				IPHONEOS_DEPLOYMENT_TARGET = 16.2;
				MTL_ENABLE_DEBUG_INFO = NO;
				MTL_FAST_MATH = YES;
				SDKROOT = iphoneos;
				SWIFT_COMPILATION_MODE = wholemodule;
				SWIFT_OPTIMIZATION_LEVEL = "-O";
				VALIDATE_PRODUCT = YES;
			};
			name = Release;
		};
		2A45CA802E2F5739000689CC /* Debug */ = {
			isa = XCBuildConfiguration;
			baseConfigurationReference = 2B19A856862A08E8EFB59A71 /* Pods-weather-api.debug.xcconfig */;
			buildSettings = {
				ASSETCATALOG_COMPILER_APPICON_NAME = AppIcon;
				ASSETCATALOG_COMPILER_GLOBAL_ACCENT_COLOR_NAME = AccentColor;
				CODE_SIGN_STYLE = Automatic;
				CURRENT_PROJECT_VERSION = 1;
				DEVELOPMENT_TEAM = SBPJDXG7CY;
				GENERATE_INFOPLIST_FILE = YES;
				INFOPLIST_FILE = "weather-api/Info.plist";
				INFOPLIST_KEY_UIApplicationSupportsIndirectInputEvents = YES;
				INFOPLIST_KEY_UILaunchStoryboardName = LaunchScreen;
				INFOPLIST_KEY_UIMainStoryboardFile = Main;
				INFOPLIST_KEY_UISupportedInterfaceOrientations_iPad = "UIInterfaceOrientationPortrait UIInterfaceOrientationPortraitUpsideDown UIInterfaceOrientationLandscapeLeft UIInterfaceOrientationLandscapeRight";
				INFOPLIST_KEY_UISupportedInterfaceOrientations_iPhone = "UIInterfaceOrientationPortrait UIInterfaceOrientationLandscapeLeft UIInterfaceOrientationLandscapeRight";
				LD_RUNPATH_SEARCH_PATHS = (
					"$(inherited)",
					"@executable_path/Frameworks",
				);
				MARKETING_VERSION = 1.0;
				PRODUCT_BUNDLE_IDENTIFIER = "iroid.weather-api";
				PRODUCT_NAME = "$(TARGET_NAME)";
				SWIFT_EMIT_LOC_STRINGS = YES;
				SWIFT_VERSION = 5.0;
				TARGETED_DEVICE_FAMILY = "1,2";
			};
			name = Debug;
		};
		2A45CA812E2F5739000689CC /* Release */ = {
			isa = XCBuildConfiguration;
			baseConfigurationReference = F7CD1CE2D3AF9F6EF9CF374A /* Pods-weather-api.release.xcconfig */;
			buildSettings = {
				ASSETCATALOG_COMPILER_APPICON_NAME = AppIcon;
				ASSETCATALOG_COMPILER_GLOBAL_ACCENT_COLOR_NAME = AccentColor;
				CODE_SIGN_STYLE = Automatic;
				CURRENT_PROJECT_VERSION = 1;
				DEVELOPMENT_TEAM = SBPJDXG7CY;
				GENERATE_INFOPLIST_FILE = YES;
				INFOPLIST_FILE = "weather-api/Info.plist";
				INFOPLIST_KEY_UIApplicationSupportsIndirectInputEvents = YES;
				INFOPLIST_KEY_UILaunchStoryboardName = LaunchScreen;
				INFOPLIST_KEY_UIMainStoryboardFile = Main;
				INFOPLIST_KEY_UISupportedInterfaceOrientations_iPad = "UIInterfaceOrientationPortrait UIInterfaceOrientationPortraitUpsideDown UIInterfaceOrientationLandscapeLeft UIInterfaceOrientationLandscapeRight";
				INFOPLIST_KEY_UISupportedInterfaceOrientations_iPhone = "UIInterfaceOrientationPortrait UIInterfaceOrientationLandscapeLeft UIInterfaceOrientationLandscapeRight";
				LD_RUNPATH_SEARCH_PATHS = (
					"$(inherited)",
					"@executable_path/Frameworks",
				);
				MARKETING_VERSION = 1.0;
				PRODUCT_BUNDLE_IDENTIFIER = "iroid.weather-api";
				PRODUCT_NAME = "$(TARGET_NAME)";
				SWIFT_EMIT_LOC_STRINGS = YES;
				SWIFT_VERSION = 5.0;
				TARGETED_DEVICE_FAMILY = "1,2";
			};
			name = Release;
		};
		2A45CA832E2F5739000689CC /* Debug */ = {
			isa = XCBuildConfiguration;
			baseConfigurationReference = E9A0AB442CEE00BB1A0948A8 /* Pods-weather-apiTests.debug.xcconfig */;
			buildSettings = {
				ALWAYS_EMBED_SWIFT_STANDARD_LIBRARIES = YES;
				BUNDLE_LOADER = "$(TEST_HOST)";
				CODE_SIGN_STYLE = Automatic;
				CURRENT_PROJECT_VERSION = 1;
				DEVELOPMENT_TEAM = SBPJDXG7CY;
				GENERATE_INFOPLIST_FILE = YES;
				IPHONEOS_DEPLOYMENT_TARGET = 16.2;
				MARKETING_VERSION = 1.0;
				PRODUCT_BUNDLE_IDENTIFIER = "iroid.weather-apiTests";
				PRODUCT_NAME = "$(TARGET_NAME)";
				SWIFT_EMIT_LOC_STRINGS = NO;
				SWIFT_VERSION = 5.0;
				TARGETED_DEVICE_FAMILY = "1,2";
				TEST_HOST = "$(BUILT_PRODUCTS_DIR)/weather-api.app/$(BUNDLE_EXECUTABLE_FOLDER_PATH)/weather-api";
			};
			name = Debug;
		};
		2A45CA842E2F5739000689CC /* Release */ = {
			isa = XCBuildConfiguration;
			baseConfigurationReference = D43BDE7E9018C1BD06E74044 /* Pods-weather-apiTests.release.xcconfig */;
			buildSettings = {
				ALWAYS_EMBED_SWIFT_STANDARD_LIBRARIES = YES;
				BUNDLE_LOADER = "$(TEST_HOST)";
				CODE_SIGN_STYLE = Automatic;
				CURRENT_PROJECT_VERSION = 1;
				DEVELOPMENT_TEAM = SBPJDXG7CY;
				GENERATE_INFOPLIST_FILE = YES;
				IPHONEOS_DEPLOYMENT_TARGET = 16.2;
				MARKETING_VERSION = 1.0;
				PRODUCT_BUNDLE_IDENTIFIER = "iroid.weather-apiTests";
				PRODUCT_NAME = "$(TARGET_NAME)";
				SWIFT_EMIT_LOC_STRINGS = NO;
				SWIFT_VERSION = 5.0;
				TARGETED_DEVICE_FAMILY = "1,2";
				TEST_HOST = "$(BUILT_PRODUCTS_DIR)/weather-api.app/$(BUNDLE_EXECUTABLE_FOLDER_PATH)/weather-api";
			};
			name = Release;
		};
		2A45CA862E2F5739000689CC /* Debug */ = {
			isa = XCBuildConfiguration;
			baseConfigurationReference = 190A3391B941EAF336663E05 /* Pods-weather-api-weather-apiUITests.debug.xcconfig */;
			buildSettings = {
				ALWAYS_EMBED_SWIFT_STANDARD_LIBRARIES = YES;
				CODE_SIGN_STYLE = Automatic;
				CURRENT_PROJECT_VERSION = 1;
				DEVELOPMENT_TEAM = SBPJDXG7CY;
				GENERATE_INFOPLIST_FILE = YES;
				MARKETING_VERSION = 1.0;
				PRODUCT_BUNDLE_IDENTIFIER = "iroid.weather-apiUITests";
				PRODUCT_NAME = "$(TARGET_NAME)";
				SWIFT_EMIT_LOC_STRINGS = NO;
				SWIFT_VERSION = 5.0;
				TARGETED_DEVICE_FAMILY = "1,2";
				TEST_TARGET_NAME = "weather-api";
			};
			name = Debug;
		};
		2A45CA872E2F5739000689CC /* Release */ = {
			isa = XCBuildConfiguration;
			baseConfigurationReference = ECAE6EFDD18D788EAAFE8AED /* Pods-weather-api-weather-apiUITests.release.xcconfig */;
			buildSettings = {
				ALWAYS_EMBED_SWIFT_STANDARD_LIBRARIES = YES;
				CODE_SIGN_STYLE = Automatic;
				CURRENT_PROJECT_VERSION = 1;
				DEVELOPMENT_TEAM = SBPJDXG7CY;
				GENERATE_INFOPLIST_FILE = YES;
				MARKETING_VERSION = 1.0;
				PRODUCT_BUNDLE_IDENTIFIER = "iroid.weather-apiUITests";
				PRODUCT_NAME = "$(TARGET_NAME)";
				SWIFT_EMIT_LOC_STRINGS = NO;
				SWIFT_VERSION = 5.0;
				TARGETED_DEVICE_FAMILY = "1,2";
				TEST_TARGET_NAME = "weather-api";
			};
			name = Release;
		};
/* End XCBuildConfiguration section */

/* Begin XCConfigurationList section */
		2A45CA4D2E2F5734000689CC /* Build configuration list for PBXProject "weather-api" */ = {
			isa = XCConfigurationList;
			buildConfigurations = (
				2A45CA7D2E2F5739000689CC /* Debug */,
				2A45CA7E2E2F5739000689CC /* Release */,
			);
			defaultConfigurationIsVisible = 0;
			defaultConfigurationName = Release;
		};
		2A45CA7F2E2F5739000689CC /* Build configuration list for PBXNativeTarget "weather-api" */ = {
			isa = XCConfigurationList;
			buildConfigurations = (
				2A45CA802E2F5739000689CC /* Debug */,
				2A45CA812E2F5739000689CC /* Release */,
			);
			defaultConfigurationIsVisible = 0;
			defaultConfigurationName = Release;
		};
		2A45CA822E2F5739000689CC /* Build configuration list for PBXNativeTarget "weather-apiTests" */ = {
			isa = XCConfigurationList;
			buildConfigurations = (
				2A45CA832E2F5739000689CC /* Debug */,
				2A45CA842E2F5739000689CC /* Release */,
			);
			defaultConfigurationIsVisible = 0;
			defaultConfigurationName = Release;
		};
		2A45CA852E2F5739000689CC /* Build configuration list for PBXNativeTarget "weather-apiUITests" */ = {
			isa = XCConfigurationList;
			buildConfigurations = (
				2A45CA862E2F5739000689CC /* Debug */,
				2A45CA872E2F5739000689CC /* Release */,
			);
			defaultConfigurationIsVisible = 0;
			defaultConfigurationName = Release;
		};
/* End XCConfigurationList section */

/* Begin XCVersionGroup section */
		2A45CA5E2E2F5734000689CC /* weather_api.xcdatamodeld */ = {
			isa = XCVersionGroup;
			children = (
				2A45CA5F2E2F5734000689CC /* weather_api.xcdatamodel */,
			);
			currentVersion = 2A45CA5F2E2F5734000689CC /* weather_api.xcdatamodel */;
			path = weather_api.xcdatamodeld;
			sourceTree = "<group>";
			versionGroupType = wrapper.xcdatamodel;
		};
/* End XCVersionGroup section */
	};
	rootObject = 2A45CA4A2E2F5734000689CC /* Project object */;
}
